
Microsoft Visual Studio Solution File, Format Version 12.00
# Visual Studio Version 17
VisualStudioVersion = 17.7.34009.444
MinimumVisualStudioVersion = 10.0.40219.1
Project("{FAE04EC0-301F-11D3-BF4B-00C04F79EFBC}") = "removeEls", "removeEls\removeEls.csproj", "{C8BD6DE3-7675-425E-8DA6-A81EDCC0B96B}"
EndProject
Global
	GlobalSection(SolutionConfigurationPlatforms) = preSolution
		Debug|Any CPU = Debug|Any CPU
		Release|Any CPU = Release|Any CPU
	EndGlobalSection
	GlobalSection(ProjectConfigurationPlatforms) = postSolution
		{C8BD6DE3-7675-425E-8DA6-A81EDCC0B96B}.Debug|Any CPU.ActiveCfg = Debug|Any CPU
		{C8BD6DE3-7675-425E-8DA6-A81EDCC0B96B}.Debug|Any CPU.Build.0 = Debug|Any CPU
		{C8BD6DE3-7675-425E-8DA6-A81EDCC0B96B}.Release|Any CPU.ActiveCfg = Release|Any CPU
		{C8BD6DE3-7675-425E-8DA6-A81EDCC0B96B}.Release|Any CPU.Build.0 = Release|Any CPU
	EndGlobalSection
	GlobalSection(SolutionProperties) = preSolution
		HideSolutionNode = FALSE
	EndGlobalSection
	GlobalSection(ExtensibilityGlobals) = postSolution
		SolutionGuid = {BFE1FD32-6BBA-42AE-AA04-0DFF712D89D7}
	EndGlobalSection
EndGlobal
